
Microsoft Visual Studio Solution File, Format Version 12.00
# Visual Studio Version 16
VisualStudioVersion = 16.0.30907.101
MinimumVisualStudioVersion = 10.0.40219.1
Project("{9A19103F-16F7-4668-BE54-9A1E7A4F7556}") = "Cloudy-Canvas", "Cloudy-Canvas\Cloudy-Canvas.csproj", "{94B58A3C-AD2E-4062-AEA4-6209F2E11BB8}"
EndProject
Project("{9A19103F-16F7-4668-BE54-9A1E7A4F7556}") = "Cloudy-Canvas.Tests", "Cloudy-Canvas.Tests\Cloudy-Canvas.Tests.csproj", "{ED8DDDFE-16D9-437E-881A-C880153409FB}"
EndProject
Global
	GlobalSection(SolutionConfigurationPlatforms) = preSolution
		Debug|Any CPU = Debug|Any CPU
		Release|Any CPU = Release|Any CPU
	EndGlobalSection
	GlobalSection(ProjectConfigurationPlatforms) = postSolution
		{94B58A3C-AD2E-4062-AEA4-6209F2E11BB8}.Debug|Any CPU.ActiveCfg = Debug|Any CPU
		{94B58A3C-AD2E-4062-AEA4-6209F2E11BB8}.Debug|Any CPU.Build.0 = Debug|Any CPU
		{94B58A3C-AD2E-4062-AEA4-6209F2E11BB8}.Release|Any CPU.ActiveCfg = Release|Any CPU
		{94B58A3C-AD2E-4062-AEA4-6209F2E11BB8}.Release|Any CPU.Build.0 = Release|Any CPU
		{ED8DDDFE-16D9-437E-881A-C880153409FB}.Debug|Any CPU.ActiveCfg = Debug|Any CPU
		{ED8DDDFE-16D9-437E-881A-C880153409FB}.Debug|Any CPU.Build.0 = Debug|Any CPU
		{ED8DDDFE-16D9-437E-881A-C880153409FB}.Release|Any CPU.ActiveCfg = Release|Any CPU
		{ED8DDDFE-16D9-437E-881A-C880153409FB}.Release|Any CPU.Build.0 = Release|Any CPU
	EndGlobalSection
	GlobalSection(SolutionProperties) = preSolution
		HideSolutionNode = FALSE
	EndGlobalSection
	GlobalSection(ExtensibilityGlobals) = postSolution
		SolutionGuid = {94842307-F7EA-451A-A031-15954E113FEB}
	EndGlobalSection
EndGlobal
